// !$*UTF8*$!
{
	archiveVersion = 1;
	classes = {
	};
	objectVersion = 46;
	objects = {

/* Begin PBXBuildFile section */
		6EB5F8C960EBD22C01ADA99E /* libPods-kZMoonCommand.a in Frameworks */ = {isa = PBXBuildFile; fileRef = CACB47BE12A7B9D4BBCE22D3 /* libPods-kZMoonCommand.a */; };
		78B2BE7497A48E228D687F20 /* libPods-kZMoonCommandTests.a in Frameworks */ = {isa = PBXBuildFile; fileRef = BF927AB5AB3B6854D40057A0 /* libPods-kZMoonCommandTests.a */; };
		C4507ECC1DD4B2F700D5E9C2 /* main.m in Sources */ = {isa = PBXBuildFile; fileRef = C4507ECB1DD4B2F700D5E9C2 /* main.m */; };
		C4507ECF1DD4B2F700D5E9C2 /* AppDelegate.m in Sources */ = {isa = PBXBuildFile; fileRef = C4507ECE1DD4B2F700D5E9C2 /* AppDelegate.m */; };
		C4507ED21DD4B2F700D5E9C2 /* ViewController.m in Sources */ = {isa = PBXBuildFile; fileRef = C4507ED11DD4B2F700D5E9C2 /* ViewController.m */; };
		C4507ED51DD4B2F700D5E9C2 /* Main.storyboard in Resources */ = {isa = PBXBuildFile; fileRef = C4507ED31DD4B2F700D5E9C2 /* Main.storyboard */; };
		C4507ED71DD4B2F700D5E9C2 /* Assets.xcassets in Resources */ = {isa = PBXBuildFile; fileRef = C4507ED61DD4B2F700D5E9C2 /* Assets.xcassets */; };
		C4507EDA1DD4B2F700D5E9C2 /* LaunchScreen.storyboard in Resources */ = {isa = PBXBuildFile; fileRef = C4507ED81DD4B2F700D5E9C2 /* LaunchScreen.storyboard */; };
		C4507EE51DD4B2F700D5E9C2 /* kZMoonCommandTests.m in Sources */ = {isa = PBXBuildFile; fileRef = C4507EE41DD4B2F700D5E9C2 /* kZMoonCommandTests.m */; };
		C48BADFA1DD4BF9E0007BF81 /* FifthCommand.m in Sources */ = {isa = PBXBuildFile; fileRef = C48BADE91DD4BF9E0007BF81 /* FifthCommand.m */; };
		C48BADFB1DD4BF9E0007BF81 /* FirstCommand.m in Sources */ = {isa = PBXBuildFile; fileRef = C48BADEB1DD4BF9E0007BF81 /* FirstCommand.m */; };
		C48BADFC1DD4BF9E0007BF81 /* FourthCommand.m in Sources */ = {isa = PBXBuildFile; fileRef = C48BADED1DD4BF9E0007BF81 /* FourthCommand.m */; };
		C48BADFD1DD4BF9E0007BF81 /* kZMoonCallbackObject.m in Sources */ = {isa = PBXBuildFile; fileRef = C48BADEF1DD4BF9E0007BF81 /* kZMoonCallbackObject.m */; };
		C48BADFE1DD4BF9E0007BF81 /* MultibleCommandForTest.m in Sources */ = {isa = PBXBuildFile; fileRef = C48BADF11DD4BF9E0007BF81 /* MultibleCommandForTest.m */; };
		C48BADFF1DD4BF9E0007BF81 /* RequestCommand.m in Sources */ = {isa = PBXBuildFile; fileRef = C48BADF31DD4BF9E0007BF81 /* RequestCommand.m */; };
		C48BAE001DD4BF9E0007BF81 /* SecondCommand.m in Sources */ = {isa = PBXBuildFile; fileRef = C48BADF51DD4BF9E0007BF81 /* SecondCommand.m */; };
		C48BAE011DD4BF9E0007BF81 /* TestAwesomeResult.m in Sources */ = {isa = PBXBuildFile; fileRef = C48BADF71DD4BF9E0007BF81 /* TestAwesomeResult.m */; };
		C48BAE021DD4BF9E0007BF81 /* ThirdCommand.m in Sources */ = {isa = PBXBuildFile; fileRef = C48BADF91DD4BF9E0007BF81 /* ThirdCommand.m */; };
/* End PBXBuildFile section */

/* Begin PBXContainerItemProxy section */
		C4507EE11DD4B2F700D5E9C2 /* PBXContainerItemProxy */ = {
			isa = PBXContainerItemProxy;
			containerPortal = C4507EBF1DD4B2F700D5E9C2 /* Project object */;
			proxyType = 1;
			remoteGlobalIDString = C4507EC61DD4B2F700D5E9C2;
			remoteInfo = kZMoonCommand;
		};
/* End PBXContainerItemProxy section */

/* Begin PBXFileReference section */
		43E7BA00087C2BAE50A014B5 /* Pods-kZMoonCommand.release.xcconfig */ = {isa = PBXFileReference; includeInIndex = 1; lastKnownFileType = text.xcconfig; name = "Pods-kZMoonCommand.release.xcconfig"; path = "Pods/Target Support Files/Pods-kZMoonCommand/Pods-kZMoonCommand.release.xcconfig"; sourceTree = "<group>"; };
		8E3DC946B33B8FC442734FA5 /* Pods-kZMoonCommandTests.release.xcconfig */ = {isa = PBXFileReference; includeInIndex = 1; lastKnownFileType = text.xcconfig; name = "Pods-kZMoonCommandTests.release.xcconfig"; path = "Pods/Target Support Files/Pods-kZMoonCommandTests/Pods-kZMoonCommandTests.release.xcconfig"; sourceTree = "<group>"; };
		BF927AB5AB3B6854D40057A0 /* libPods-kZMoonCommandTests.a */ = {isa = PBXFileReference; explicitFileType = archive.ar; includeInIndex = 0; path = "libPods-kZMoonCommandTests.a"; sourceTree = BUILT_PRODUCTS_DIR; };
		C4507EC71DD4B2F700D5E9C2 /* kZMoonCommand.app */ = {isa = PBXFileReference; explicitFileType = wrapper.application; includeInIndex = 0; path = kZMoonCommand.app; sourceTree = BUILT_PRODUCTS_DIR; };
		C4507ECB1DD4B2F700D5E9C2 /* main.m */ = {isa = PBXFileReference; lastKnownFileType = sourcecode.c.objc; path = main.m; sourceTree = "<group>"; };
		C4507ECD1DD4B2F700D5E9C2 /* AppDelegate.h */ = {isa = PBXFileReference; lastKnownFileType = sourcecode.c.h; path = AppDelegate.h; sourceTree = "<group>"; };
		C4507ECE1DD4B2F700D5E9C2 /* AppDelegate.m */ = {isa = PBXFileReference; lastKnownFileType = sourcecode.c.objc; path = AppDelegate.m; sourceTree = "<group>"; };
		C4507ED01DD4B2F700D5E9C2 /* ViewController.h */ = {isa = PBXFileReference; lastKnownFileType = sourcecode.c.h; path = ViewController.h; sourceTree = "<group>"; };
		C4507ED11DD4B2F700D5E9C2 /* ViewController.m */ = {isa = PBXFileReference; lastKnownFileType = sourcecode.c.objc; path = ViewController.m; sourceTree = "<group>"; };
		C4507ED41DD4B2F700D5E9C2 /* Base */ = {isa = PBXFileReference; lastKnownFileType = file.storyboard; name = Base; path = Base.lproj/Main.storyboard; sourceTree = "<group>"; };
		C4507ED61DD4B2F700D5E9C2 /* Assets.xcassets */ = {isa = PBXFileReference; lastKnownFileType = folder.assetcatalog; path = Assets.xcassets; sourceTree = "<group>"; };
		C4507ED91DD4B2F700D5E9C2 /* Base */ = {isa = PBXFileReference; lastKnownFileType = file.storyboard; name = Base; path = Base.lproj/LaunchScreen.storyboard; sourceTree = "<group>"; };
		C4507EDB1DD4B2F700D5E9C2 /* Info.plist */ = {isa = PBXFileReference; lastKnownFileType = text.plist.xml; path = Info.plist; sourceTree = "<group>"; };
		C4507EE01DD4B2F700D5E9C2 /* kZMoonCommandTests.xctest */ = {isa = PBXFileReference; explicitFileType = wrapper.cfbundle; includeInIndex = 0; path = kZMoonCommandTests.xctest; sourceTree = BUILT_PRODUCTS_DIR; };
		C4507EE41DD4B2F700D5E9C2 /* kZMoonCommandTests.m */ = {isa = PBXFileReference; lastKnownFileType = sourcecode.c.objc; path = kZMoonCommandTests.m; sourceTree = "<group>"; };
		C4507EE61DD4B2F700D5E9C2 /* Info.plist */ = {isa = PBXFileReference; lastKnownFileType = text.plist.xml; path = Info.plist; sourceTree = "<group>"; };
		C48BADE81DD4BF9E0007BF81 /* FifthCommand.h */ = {isa = PBXFileReference; fileEncoding = 4; lastKnownFileType = sourcecode.c.h; name = FifthCommand.h; path = TestDemo/FifthCommand.h; sourceTree = "<group>"; };
		C48BADE91DD4BF9E0007BF81 /* FifthCommand.m */ = {isa = PBXFileReference; fileEncoding = 4; lastKnownFileType = sourcecode.c.objc; name = FifthCommand.m; path = TestDemo/FifthCommand.m; sourceTree = "<group>"; };
		C48BADEA1DD4BF9E0007BF81 /* FirstCommand.h */ = {isa = PBXFileReference; fileEncoding = 4; lastKnownFileType = sourcecode.c.h; name = FirstCommand.h; path = TestDemo/FirstCommand.h; sourceTree = "<group>"; };
		C48BADEB1DD4BF9E0007BF81 /* FirstCommand.m */ = {isa = PBXFileReference; fileEncoding = 4; lastKnownFileType = sourcecode.c.objc; name = FirstCommand.m; path = TestDemo/FirstCommand.m; sourceTree = "<group>"; };
		C48BADEC1DD4BF9E0007BF81 /* FourthCommand.h */ = {isa = PBXFileReference; fileEncoding = 4; lastKnownFileType = sourcecode.c.h; name = FourthCommand.h; path = TestDemo/FourthCommand.h; sourceTree = "<group>"; };
		C48BADED1DD4BF9E0007BF81 /* FourthCommand.m */ = {isa = PBXFileReference; fileEncoding = 4; lastKnownFileType = sourcecode.c.objc; name = FourthCommand.m; path = TestDemo/FourthCommand.m; sourceTree = "<group>"; };
		C48BADEE1DD4BF9E0007BF81 /* kZMoonCallbackObject.h */ = {isa = PBXFileReference; fileEncoding = 4; lastKnownFileType = sourcecode.c.h; name = kZMoonCallbackObject.h; path = TestDemo/kZMoonCallbackObject.h; sourceTree = "<group>"; };
		C48BADEF1DD4BF9E0007BF81 /* kZMoonCallbackObject.m */ = {isa = PBXFileReference; fileEncoding = 4; lastKnownFileType = sourcecode.c.objc; name = kZMoonCallbackObject.m; path = TestDemo/kZMoonCallbackObject.m; sourceTree = "<group>"; };
		C48BADF01DD4BF9E0007BF81 /* MultibleCommandForTest.h */ = {isa = PBXFileReference; fileEncoding = 4; lastKnownFileType = sourcecode.c.h; name = MultibleCommandForTest.h; path = TestDemo/MultibleCommandForTest.h; sourceTree = "<group>"; };
		C48BADF11DD4BF9E0007BF81 /* MultibleCommandForTest.m */ = {isa = PBXFileReference; fileEncoding = 4; lastKnownFileType = sourcecode.c.objc; name = MultibleCommandForTest.m; path = TestDemo/MultibleCommandForTest.m; sourceTree = "<group>"; };
		C48BADF21DD4BF9E0007BF81 /* RequestCommand.h */ = {isa = PBXFileReference; fileEncoding = 4; lastKnownFileType = sourcecode.c.h; name = RequestCommand.h; path = TestDemo/RequestCommand.h; sourceTree = "<group>"; };
		C48BADF31DD4BF9E0007BF81 /* RequestCommand.m */ = {isa = PBXFileReference; fileEncoding = 4; lastKnownFileType = sourcecode.c.objc; name = RequestCommand.m; path = TestDemo/RequestCommand.m; sourceTree = "<group>"; };
		C48BADF41DD4BF9E0007BF81 /* SecondCommand.h */ = {isa = PBXFileReference; fileEncoding = 4; lastKnownFileType = sourcecode.c.h; name = SecondCommand.h; path = TestDemo/SecondCommand.h; sourceTree = "<group>"; };
		C48BADF51DD4BF9E0007BF81 /* SecondCommand.m */ = {isa = PBXFileReference; fileEncoding = 4; lastKnownFileType = sourcecode.c.objc; name = SecondCommand.m; path = TestDemo/SecondCommand.m; sourceTree = "<group>"; };
		C48BADF61DD4BF9E0007BF81 /* TestAwesomeResult.h */ = {isa = PBXFileReference; fileEncoding = 4; lastKnownFileType = sourcecode.c.h; name = TestAwesomeResult.h; path = TestDemo/TestAwesomeResult.h; sourceTree = "<group>"; };
		C48BADF71DD4BF9E0007BF81 /* TestAwesomeResult.m */ = {isa = PBXFileReference; fileEncoding = 4; lastKnownFileType = sourcecode.c.objc; name = TestAwesomeResult.m; path = TestDemo/TestAwesomeResult.m; sourceTree = "<group>"; };
		C48BADF81DD4BF9E0007BF81 /* ThirdCommand.h */ = {isa = PBXFileReference; fileEncoding = 4; lastKnownFileType = sourcecode.c.h; name = ThirdCommand.h; path = TestDemo/ThirdCommand.h; sourceTree = "<group>"; };
		C48BADF91DD4BF9E0007BF81 /* ThirdCommand.m */ = {isa = PBXFileReference; fileEncoding = 4; lastKnownFileType = sourcecode.c.objc; name = ThirdCommand.m; path = TestDemo/ThirdCommand.m; sourceTree = "<group>"; };
		C63D3BB9CF7909A0B4DC98A2 /* Pods-kZMoonCommand.debug.xcconfig */ = {isa = PBXFileReference; includeInIndex = 1; lastKnownFileType = text.xcconfig; name = "Pods-kZMoonCommand.debug.xcconfig"; path = "Pods/Target Support Files/Pods-kZMoonCommand/Pods-kZMoonCommand.debug.xcconfig"; sourceTree = "<group>"; };
		CACB47BE12A7B9D4BBCE22D3 /* libPods-kZMoonCommand.a */ = {isa = PBXFileReference; explicitFileType = archive.ar; includeInIndex = 0; path = "libPods-kZMoonCommand.a"; sourceTree = BUILT_PRODUCTS_DIR; };
		F2143C433F820427B6D149EE /* Pods-kZMoonCommandTests.debug.xcconfig */ = {isa = PBXFileReference; includeInIndex = 1; lastKnownFileType = text.xcconfig; name = "Pods-kZMoonCommandTests.debug.xcconfig"; path = "Pods/Target Support Files/Pods-kZMoonCommandTests/Pods-kZMoonCommandTests.debug.xcconfig"; sourceTree = "<group>"; };
/* End PBXFileReference section */

/* Begin PBXFrameworksBuildPhase section */
		C4507EC41DD4B2F700D5E9C2 /* Frameworks */ = {
			isa = PBXFrameworksBuildPhase;
			buildActionMask = 2147483647;
			files = (
				6EB5F8C960EBD22C01ADA99E /* libPods-kZMoonCommand.a in Frameworks */,
			);
			runOnlyForDeploymentPostprocessing = 0;
		};
		C4507EDD1DD4B2F700D5E9C2 /* Frameworks */ = {
			isa = PBXFrameworksBuildPhase;
			buildActionMask = 2147483647;
			files = (
				78B2BE7497A48E228D687F20 /* libPods-kZMoonCommandTests.a in Frameworks */,
			);
			runOnlyForDeploymentPostprocessing = 0;
		};
/* End PBXFrameworksBuildPhase section */

/* Begin PBXGroup section */
		7502FB616D018E8319372DE1 /* Frameworks */ = {
			isa = PBXGroup;
			children = (
				CACB47BE12A7B9D4BBCE22D3 /* libPods-kZMoonCommand.a */,
				BF927AB5AB3B6854D40057A0 /* libPods-kZMoonCommandTests.a */,
			);
			name = Frameworks;
			sourceTree = "<group>";
		};
		9145D0DB143FCFC69B174E35 /* Pods */ = {
			isa = PBXGroup;
			children = (
				C63D3BB9CF7909A0B4DC98A2 /* Pods-kZMoonCommand.debug.xcconfig */,
				43E7BA00087C2BAE50A014B5 /* Pods-kZMoonCommand.release.xcconfig */,
				F2143C433F820427B6D149EE /* Pods-kZMoonCommandTests.debug.xcconfig */,
				8E3DC946B33B8FC442734FA5 /* Pods-kZMoonCommandTests.release.xcconfig */,
			);
			name = Pods;
			sourceTree = "<group>";
		};
		C4507EBE1DD4B2F700D5E9C2 = {
			isa = PBXGroup;
			children = (
				C4507EC91DD4B2F700D5E9C2 /* kZMoonCommand */,
				C4507EE31DD4B2F700D5E9C2 /* kZMoonCommandTests */,
				C4507EC81DD4B2F700D5E9C2 /* Products */,
				9145D0DB143FCFC69B174E35 /* Pods */,
				7502FB616D018E8319372DE1 /* Frameworks */,
			);
			sourceTree = "<group>";
		};
		C4507EC81DD4B2F700D5E9C2 /* Products */ = {
			isa = PBXGroup;
			children = (
				C4507EC71DD4B2F700D5E9C2 /* kZMoonCommand.app */,
				C4507EE01DD4B2F700D5E9C2 /* kZMoonCommandTests.xctest */,
			);
			name = Products;
			sourceTree = "<group>";
		};
		C4507EC91DD4B2F700D5E9C2 /* kZMoonCommand */ = {
			isa = PBXGroup;
			children = (
				C48BADE71DD4BF860007BF81 /* Command */,
				C4507ECD1DD4B2F700D5E9C2 /* AppDelegate.h */,
				C4507ECE1DD4B2F700D5E9C2 /* AppDelegate.m */,
				C4507ED01DD4B2F700D5E9C2 /* ViewController.h */,
				C4507ED11DD4B2F700D5E9C2 /* ViewController.m */,
				C4507ED31DD4B2F700D5E9C2 /* Main.storyboard */,
				C4507ED61DD4B2F700D5E9C2 /* Assets.xcassets */,
				C4507ED81DD4B2F700D5E9C2 /* LaunchScreen.storyboard */,
				C4507EDB1DD4B2F700D5E9C2 /* Info.plist */,
				C4507ECA1DD4B2F700D5E9C2 /* Supporting Files */,
			);
			path = kZMoonCommand;
			sourceTree = "<group>";
		};
		C4507ECA1DD4B2F700D5E9C2 /* Supporting Files */ = {
			isa = PBXGroup;
			children = (
				C4507ECB1DD4B2F700D5E9C2 /* main.m */,
			);
			name = "Supporting Files";
			sourceTree = "<group>";
		};
		C4507EE31DD4B2F700D5E9C2 /* kZMoonCommandTests */ = {
			isa = PBXGroup;
			children = (
				C4507EE41DD4B2F700D5E9C2 /* kZMoonCommandTests.m */,
				C4507EE61DD4B2F700D5E9C2 /* Info.plist */,
			);
			path = kZMoonCommandTests;
			sourceTree = "<group>";
		};
		C48BADE71DD4BF860007BF81 /* Command */ = {
			isa = PBXGroup;
			children = (
				C48BADE81DD4BF9E0007BF81 /* FifthCommand.h */,
				C48BADE91DD4BF9E0007BF81 /* FifthCommand.m */,
				C48BADEA1DD4BF9E0007BF81 /* FirstCommand.h */,
				C48BADEB1DD4BF9E0007BF81 /* FirstCommand.m */,
				C48BADEC1DD4BF9E0007BF81 /* FourthCommand.h */,
				C48BADED1DD4BF9E0007BF81 /* FourthCommand.m */,
				C48BADEE1DD4BF9E0007BF81 /* kZMoonCallbackObject.h */,
				C48BADEF1DD4BF9E0007BF81 /* kZMoonCallbackObject.m */,
				C48BADF01DD4BF9E0007BF81 /* MultibleCommandForTest.h */,
				C48BADF11DD4BF9E0007BF81 /* MultibleCommandForTest.m */,
				C48BADF21DD4BF9E0007BF81 /* RequestCommand.h */,
				C48BADF31DD4BF9E0007BF81 /* RequestCommand.m */,
				C48BADF41DD4BF9E0007BF81 /* SecondCommand.h */,
				C48BADF51DD4BF9E0007BF81 /* SecondCommand.m */,
				C48BADF61DD4BF9E0007BF81 /* TestAwesomeResult.h */,
				C48BADF71DD4BF9E0007BF81 /* TestAwesomeResult.m */,
				C48BADF81DD4BF9E0007BF81 /* ThirdCommand.h */,
				C48BADF91DD4BF9E0007BF81 /* ThirdCommand.m */,
			);
			name = Command;
			sourceTree = "<group>";
		};
/* End PBXGroup section */

/* Begin PBXNativeTarget section */
		C4507EC61DD4B2F700D5E9C2 /* kZMoonCommand */ = {
			isa = PBXNativeTarget;
			buildConfigurationList = C4507EE91DD4B2F700D5E9C2 /* Build configuration list for PBXNativeTarget "kZMoonCommand" */;
			buildPhases = (
				47A08E3CA741C7A7EFDD14A0 /* [CP] Check Pods Manifest.lock */,
				C4507EC31DD4B2F700D5E9C2 /* Sources */,
				C4507EC41DD4B2F700D5E9C2 /* Frameworks */,
				C4507EC51DD4B2F700D5E9C2 /* Resources */,
				AA501F6E5C6112A9F2DAB31F /* [CP] Embed Pods Frameworks */,
				B2B2C3F2137835FFA9995A60 /* [CP] Copy Pods Resources */,
			);
			buildRules = (
			);
			dependencies = (
			);
			name = kZMoonCommand;
			productName = kZMoonCommand;
			productReference = C4507EC71DD4B2F700D5E9C2 /* kZMoonCommand.app */;
			productType = "com.apple.product-type.application";
		};
		C4507EDF1DD4B2F700D5E9C2 /* kZMoonCommandTests */ = {
			isa = PBXNativeTarget;
			buildConfigurationList = C4507EEC1DD4B2F700D5E9C2 /* Build configuration list for PBXNativeTarget "kZMoonCommandTests" */;
			buildPhases = (
				E1824B2B5B6D2CE47ED895DB /* [CP] Check Pods Manifest.lock */,
				C4507EDC1DD4B2F700D5E9C2 /* Sources */,
				C4507EDD1DD4B2F700D5E9C2 /* Frameworks */,
				C4507EDE1DD4B2F700D5E9C2 /* Resources */,
				570C9E204D18F2A7BFD2677A /* [CP] Embed Pods Frameworks */,
				03612F737CC6B999C6596D13 /* [CP] Copy Pods Resources */,
			);
			buildRules = (
			);
			dependencies = (
				C4507EE21DD4B2F700D5E9C2 /* PBXTargetDependency */,
			);
			name = kZMoonCommandTests;
			productName = kZMoonCommandTests;
			productReference = C4507EE01DD4B2F700D5E9C2 /* kZMoonCommandTests.xctest */;
			productType = "com.apple.product-type.bundle.unit-test";
		};
/* End PBXNativeTarget section */

/* Begin PBXProject section */
		C4507EBF1DD4B2F700D5E9C2 /* Project object */ = {
			isa = PBXProject;
			attributes = {
				LastUpgradeCheck = 0830;
				ORGANIZATIONNAME = BupterAmbition;
				TargetAttributes = {
					C4507EC61DD4B2F700D5E9C2 = {
						CreatedOnToolsVersion = 8.1;
						ProvisioningStyle = Automatic;
					};
					C4507EDF1DD4B2F700D5E9C2 = {
						CreatedOnToolsVersion = 8.1;
						ProvisioningStyle = Automatic;
						TestTargetID = C4507EC61DD4B2F700D5E9C2;
					};
				};
			};
			buildConfigurationList = C4507EC21DD4B2F700D5E9C2 /* Build configuration list for PBXProject "kZMoonCommand" */;
			compatibilityVersion = "Xcode 3.2";
			developmentRegion = English;
			hasScannedForEncodings = 0;
			knownRegions = (
				en,
				Base,
			);
			mainGroup = C4507EBE1DD4B2F700D5E9C2;
			productRefGroup = C4507EC81DD4B2F700D5E9C2 /* Products */;
			projectDirPath = "";
			projectRoot = "";
			targets = (
				C4507EC61DD4B2F700D5E9C2 /* kZMoonCommand */,
				C4507EDF1DD4B2F700D5E9C2 /* kZMoonCommandTests */,
			);
		};
/* End PBXProject section */

/* Begin PBXResourcesBuildPhase section */
		C4507EC51DD4B2F700D5E9C2 /* Resources */ = {
			isa = PBXResourcesBuildPhase;
			buildActionMask = 2147483647;
			files = (
				C4507EDA1DD4B2F700D5E9C2 /* LaunchScreen.storyboard in Resources */,
				C4507ED71DD4B2F700D5E9C2 /* Assets.xcassets in Resources */,
				C4507ED51DD4B2F700D5E9C2 /* Main.storyboard in Resources */,
			);
			runOnlyForDeploymentPostprocessing = 0;
		};
		C4507EDE1DD4B2F700D5E9C2 /* Resources */ = {
			isa = PBXResourcesBuildPhase;
			buildActionMask = 2147483647;
			files = (
			);
			runOnlyForDeploymentPostprocessing = 0;
		};
/* End PBXResourcesBuildPhase section */

/* Begin PBXShellScriptBuildPhase section */
		03612F737CC6B999C6596D13 /* [CP] Copy Pods Resources */ = {
			isa = PBXShellScriptBuildPhase;
			buildActionMask = 2147483647;
			files = (
			);
			inputPaths = (
			);
			name = "[CP] Copy Pods Resources";
			outputPaths = (
			);
			runOnlyForDeploymentPostprocessing = 0;
			shellPath = /bin/sh;
			shellScript = "\"${SRCROOT}/Pods/Target Support Files/Pods-kZMoonCommandTests/Pods-kZMoonCommandTests-resources.sh\"\n";
			showEnvVarsInLog = 0;
		};
		47A08E3CA741C7A7EFDD14A0 /* [CP] Check Pods Manifest.lock */ = {
			isa = PBXShellScriptBuildPhase;
			buildActionMask = 2147483647;
			files = (
			);
			inputPaths = (
			);
			name = "[CP] Check Pods Manifest.lock";
			outputPaths = (
			);
			runOnlyForDeploymentPostprocessing = 0;
			shellPath = /bin/sh;
			shellScript = "diff \"${PODS_ROOT}/../Podfile.lock\" \"${PODS_ROOT}/Manifest.lock\" > /dev/null\nif [[ $? != 0 ]] ; then\n    cat << EOM\nerror: The sandbox is not in sync with the Podfile.lock. Run 'pod install' or update your CocoaPods installation.\nEOM\n    exit 1\nfi\n";
			showEnvVarsInLog = 0;
		};
		570C9E204D18F2A7BFD2677A /* [CP] Embed Pods Frameworks */ = {
			isa = PBXShellScriptBuildPhase;
			buildActionMask = 2147483647;
			files = (
			);
			inputPaths = (
			);
			name = "[CP] Embed Pods Frameworks";
			outputPaths = (
			);
			runOnlyForDeploymentPostprocessing = 0;
			shellPath = /bin/sh;
			shellScript = "\"${SRCROOT}/Pods/Target Support Files/Pods-kZMoonCommandTests/Pods-kZMoonCommandTests-frameworks.sh\"\n";
			showEnvVarsInLog = 0;
		};
		AA501F6E5C6112A9F2DAB31F /* [CP] Embed Pods Frameworks */ = {
			isa = PBXShellScriptBuildPhase;
			buildActionMask = 2147483647;
			files = (
			);
			inputPaths = (
			);
			name = "[CP] Embed Pods Frameworks";
			outputPaths = (
			);
			runOnlyForDeploymentPostprocessing = 0;
			shellPath = /bin/sh;
			shellScript = "\"${SRCROOT}/Pods/Target Support Files/Pods-kZMoonCommand/Pods-kZMoonCommand-frameworks.sh\"\n";
			showEnvVarsInLog = 0;
		};
		B2B2C3F2137835FFA9995A60 /* [CP] Copy Pods Resources */ = {
			isa = PBXShellScriptBuildPhase;
			buildActionMask = 2147483647;
			files = (
			);
			inputPaths = (
			);
			name = "[CP] Copy Pods Resources";
			outputPaths = (
			);
			runOnlyForDeploymentPostprocessing = 0;
			shellPath = /bin/sh;
			shellScript = "\"${SRCROOT}/Pods/Target Support Files/Pods-kZMoonCommand/Pods-kZMoonCommand-resources.sh\"\n";
			showEnvVarsInLog = 0;
		};
		E1824B2B5B6D2CE47ED895DB /* [CP] Check Pods Manifest.lock */ = {
			isa = PBXShellScriptBuildPhase;
			buildActionMask = 2147483647;
			files = (
			);
			inputPaths = (
			);
			name = "[CP] Check Pods Manifest.lock";
			outputPaths = (
			);
			runOnlyForDeploymentPostprocessing = 0;
			shellPath = /bin/sh;
			shellScript = "diff \"${PODS_ROOT}/../Podfile.lock\" \"${PODS_ROOT}/Manifest.lock\" > /dev/null\nif [[ $? != 0 ]] ; then\n    cat << EOM\nerror: The sandbox is not in sync with the Podfile.lock. Run 'pod install' or update your CocoaPods installation.\nEOM\n    exit 1\nfi\n";
			showEnvVarsInLog = 0;
		};
/* End PBXShellScriptBuildPhase section */

/* Begin PBXSourcesBuildPhase section */
		C4507EC31DD4B2F700D5E9C2 /* Sources */ = {
			isa = PBXSourcesBuildPhase;
			buildActionMask = 2147483647;
			files = (
				C4507ED21DD4B2F700D5E9C2 /* ViewController.m in Sources */,
				C48BADFA1DD4BF9E0007BF81 /* FifthCommand.m in Sources */,
				C48BADFD1DD4BF9E0007BF81 /* kZMoonCallbackObject.m in Sources */,
				C48BAE021DD4BF9E0007BF81 /* ThirdCommand.m in Sources */,
				C4507ECF1DD4B2F700D5E9C2 /* AppDelegate.m in Sources */,
				C48BADFC1DD4BF9E0007BF81 /* FourthCommand.m in Sources */,
				C4507ECC1DD4B2F700D5E9C2 /* main.m in Sources */,
				C48BADFB1DD4BF9E0007BF81 /* FirstCommand.m in Sources */,
				C48BADFE1DD4BF9E0007BF81 /* MultibleCommandForTest.m in Sources */,
				C48BADFF1DD4BF9E0007BF81 /* RequestCommand.m in Sources */,
				C48BAE011DD4BF9E0007BF81 /* TestAwesomeResult.m in Sources */,
				C48BAE001DD4BF9E0007BF81 /* SecondCommand.m in Sources */,
			);
			runOnlyForDeploymentPostprocessing = 0;
		};
		C4507EDC1DD4B2F700D5E9C2 /* Sources */ = {
			isa = PBXSourcesBuildPhase;
			buildActionMask = 2147483647;
			files = (
				C4507EE51DD4B2F700D5E9C2 /* kZMoonCommandTests.m in Sources */,
			);
			runOnlyForDeploymentPostprocessing = 0;
		};
/* End PBXSourcesBuildPhase section */

/* Begin PBXTargetDependency section */
		C4507EE21DD4B2F700D5E9C2 /* PBXTargetDependency */ = {
			isa = PBXTargetDependency;
			target = C4507EC61DD4B2F700D5E9C2 /* kZMoonCommand */;
			targetProxy = C4507EE11DD4B2F700D5E9C2 /* PBXContainerItemProxy */;
		};
/* End PBXTargetDependency section */

/* Begin PBXVariantGroup section */
		C4507ED31DD4B2F700D5E9C2 /* Main.storyboard */ = {
			isa = PBXVariantGroup;
			children = (
				C4507ED41DD4B2F700D5E9C2 /* Base */,
			);
			name = Main.storyboard;
			sourceTree = "<group>";
		};
		C4507ED81DD4B2F700D5E9C2 /* LaunchScreen.storyboard */ = {
			isa = PBXVariantGroup;
			children = (
				C4507ED91DD4B2F700D5E9C2 /* Base */,
			);
			name = LaunchScreen.storyboard;
			sourceTree = "<group>";
		};
/* End PBXVariantGroup section */

/* Begin XCBuildConfiguration section */
		C4507EE71DD4B2F700D5E9C2 /* Debug */ = {
			isa = XCBuildConfiguration;
			buildSettings = {
				ALWAYS_SEARCH_USER_PATHS = NO;
				CLANG_ANALYZER_NONNULL = YES;
				CLANG_CXX_LANGUAGE_STANDARD = "gnu++0x";
				CLANG_CXX_LIBRARY = "libc++";
				CLANG_ENABLE_MODULES = YES;
				CLANG_ENABLE_OBJC_ARC = YES;
				CLANG_WARN_BOOL_CONVERSION = YES;
				CLANG_WARN_CONSTANT_CONVERSION = YES;
				CLANG_WARN_DIRECT_OBJC_ISA_USAGE = YES_ERROR;
				CLANG_WARN_DOCUMENTATION_COMMENTS = YES;
				CLANG_WARN_EMPTY_BODY = YES;
				CLANG_WARN_ENUM_CONVERSION = YES;
				CLANG_WARN_INFINITE_RECURSION = YES;
				CLANG_WARN_INT_CONVERSION = YES;
				CLANG_WARN_OBJC_ROOT_CLASS = YES_ERROR;
				CLANG_WARN_SUSPICIOUS_MOVE = YES;
				CLANG_WARN_SUSPICIOUS_MOVES = YES;
				CLANG_WARN_UNREACHABLE_CODE = YES;
				CLANG_WARN__DUPLICATE_METHOD_MATCH = YES;
				"CODE_SIGN_IDENTITY[sdk=iphoneos*]" = "iPhone Developer";
				COPY_PHASE_STRIP = NO;
				DEBUG_INFORMATION_FORMAT = dwarf;
				ENABLE_STRICT_OBJC_MSGSEND = YES;
				ENABLE_TESTABILITY = YES;
				GCC_C_LANGUAGE_STANDARD = gnu99;
				GCC_DYNAMIC_NO_PIC = NO;
				GCC_NO_COMMON_BLOCKS = YES;
				GCC_OPTIMIZATION_LEVEL = 0;
				GCC_PREPROCESSOR_DEFINITIONS = (
					"DEBUG=1",
					"$(inherited)",
				);
				GCC_WARN_64_TO_32_BIT_CONVERSION = YES;
				GCC_WARN_ABOUT_RETURN_TYPE = YES_ERROR;
				GCC_WARN_UNDECLARED_SELECTOR = YES;
				GCC_WARN_UNINITIALIZED_AUTOS = YES_AGGRESSIVE;
				GCC_WARN_UNUSED_FUNCTION = YES;
				GCC_WARN_UNUSED_VARIABLE = YES;
				IPHONEOS_DEPLOYMENT_TARGET = 10.1;
				MTL_ENABLE_DEBUG_INFO = YES;
				ONLY_ACTIVE_ARCH = YES;
				SDKROOT = iphoneos;
			};
			name = Debug;
		};
		C4507EE81DD4B2F700D5E9C2 /* Release */ = {
			isa = XCBuildConfiguration;
			buildSettings = {
				ALWAYS_SEARCH_USER_PATHS = NO;
				CLANG_ANALYZER_NONNULL = YES;
				CLANG_CXX_LANGUAGE_STANDARD = "gnu++0x";
				CLANG_CXX_LIBRARY = "libc++";
				CLANG_ENABLE_MODULES = YES;
				CLANG_ENABLE_OBJC_ARC = YES;
				CLANG_WARN_BOOL_CONVERSION = YES;
				CLANG_WARN_CONSTANT_CONVERSION = YES;
				CLANG_WARN_DIRECT_OBJC_ISA_USAGE = YES_ERROR;
				CLANG_WARN_DOCUMENTATION_COMMENTS = YES;
				CLANG_WARN_EMPTY_BODY = YES;
				CLANG_WARN_ENUM_CONVERSION = YES;
				CLANG_WARN_INFINITE_RECURSION = YES;
				CLANG_WARN_INT_CONVERSION = YES;
				CLANG_WARN_OBJC_ROOT_CLASS = YES_ERROR;
				CLANG_WARN_SUSPICIOUS_MOVE = YES;
				CLANG_WARN_SUSPICIOUS_MOVES = YES;
				CLANG_WARN_UNREACHABLE_CODE = YES;
				CLANG_WARN__DUPLICATE_METHOD_MATCH = YES;
				"CODE_SIGN_IDENTITY[sdk=iphoneos*]" = "iPhone Developer";
				COPY_PHASE_STRIP = NO;
				DEBUG_INFORMATION_FORMAT = "dwarf-with-dsym";
				ENABLE_NS_ASSERTIONS = NO;
				ENABLE_STRICT_OBJC_MSGSEND = YES;
				GCC_C_LANGUAGE_STANDARD = gnu99;
				GCC_NO_COMMON_BLOCKS = YES;
				GCC_WARN_64_TO_32_BIT_CONVERSION = YES;
				GCC_WARN_ABOUT_RETURN_TYPE = YES_ERROR;
				GCC_WARN_UNDECLARED_SELECTOR = YES;
				GCC_WARN_UNINITIALIZED_AUTOS = YES_AGGRESSIVE;
				GCC_WARN_UNUSED_FUNCTION = YES;
				GCC_WARN_UNUSED_VARIABLE = YES;
				IPHONEOS_DEPLOYMENT_TARGET = 10.1;
				MTL_ENABLE_DEBUG_INFO = NO;
				SDKROOT = iphoneos;
				VALIDATE_PRODUCT = YES;
			};
			name = Release;
		};
		C4507EEA1DD4B2F700D5E9C2 /* Debug */ = {
			isa = XCBuildConfiguration;
			baseConfigurationReference = C63D3BB9CF7909A0B4DC98A2 /* Pods-kZMoonCommand.debug.xcconfig */;
			buildSettings = {
				ASSETCATALOG_COMPILER_APPICON_NAME = AppIcon;
				INFOPLIST_FILE = kZMoonCommand/Info.plist;
				LD_RUNPATH_SEARCH_PATHS = "$(inherited) @executable_path/Frameworks";
				PRODUCT_BUNDLE_IDENTIFIER = Bupt.kZMoonCommand;
				PRODUCT_NAME = "$(TARGET_NAME)";
			};
			name = Debug;
		};
		C4507EEB1DD4B2F700D5E9C2 /* Release */ = {
			isa = XCBuildConfiguration;
			baseConfigurationReference = 43E7BA00087C2BAE50A014B5 /* Pods-kZMoonCommand.release.xcconfig */;
			buildSettings = {
				ASSETCATALOG_COMPILER_APPICON_NAME = AppIcon;
				INFOPLIST_FILE = kZMoonCommand/Info.plist;
				LD_RUNPATH_SEARCH_PATHS = "$(inherited) @executable_path/Frameworks";
				PRODUCT_BUNDLE_IDENTIFIER = Bupt.kZMoonCommand;
				PRODUCT_NAME = "$(TARGET_NAME)";
			};
			name = Release;
		};
		C4507EED1DD4B2F700D5E9C2 /* Debug */ = {
			isa = XCBuildConfiguration;
			baseConfigurationReference = F2143C433F820427B6D149EE /* Pods-kZMoonCommandTests.debug.xcconfig */;
			buildSettings = {
				BUNDLE_LOADER = "$(TEST_HOST)";
				INFOPLIST_FILE = kZMoonCommandTests/Info.plist;
				LD_RUNPATH_SEARCH_PATHS = "$(inherited) @executable_path/Frameworks @loader_path/Frameworks";
				PRODUCT_BUNDLE_IDENTIFIER = Bupt.kZMoonCommandTests;
				PRODUCT_NAME = "$(TARGET_NAME)";
				TEST_HOST = "$(BUILT_PRODUCTS_DIR)/kZMoonCommand.app/kZMoonCommand";
			};
			name = Debug;
		};
		C4507EEE1DD4B2F700D5E9C2 /* Release */ = {
			isa = XCBuildConfiguration;
			baseConfigurationReference = 8E3DC946B33B8FC442734FA5 /* Pods-kZMoonCommandTests.release.xcconfig */;
			buildSettings = {
				BUNDLE_LOADER = "$(TEST_HOST)";
				INFOPLIST_FILE = kZMoonCommandTests/Info.plist;
				LD_RUNPATH_SEARCH_PATHS = "$(inherited) @executable_path/Frameworks @loader_path/Frameworks";
				PRODUCT_BUNDLE_IDENTIFIER = Bupt.kZMoonCommandTests;
				PRODUCT_NAME = "$(TARGET_NAME)";
				TEST_HOST = "$(BUILT_PRODUCTS_DIR)/kZMoonCommand.app/kZMoonCommand";
			};
			name = Release;
		};
/* End XCBuildConfiguration section */

/* Begin XCConfigurationList section */
		C4507EC21DD4B2F700D5E9C2 /* Build configuration list for PBXProject "kZMoonCommand" */ = {
			isa = XCConfigurationList;
			buildConfigurations = (
				C4507EE71DD4B2F700D5E9C2 /* Debug */,
				C4507EE81DD4B2F700D5E9C2 /* Release */,
			);
			defaultConfigurationIsVisible = 0;
			defaultConfigurationName = Release;
		};
		C4507EE91DD4B2F700D5E9C2 /* Build configuration list for PBXNativeTarget "kZMoonCommand" */ = {
			isa = XCConfigurationList;
			buildConfigurations = (
				C4507EEA1DD4B2F700D5E9C2 /* Debug */,
				C4507EEB1DD4B2F700D5E9C2 /* Release */,
			);
			defaultConfigurationIsVisible = 0;
			defaultConfigurationName = Release;
		};
		C4507EEC1DD4B2F700D5E9C2 /* Build configuration list for PBXNativeTarget "kZMoonCommandTests" */ = {
			isa = XCConfigurationList;
			buildConfigurations = (
				C4507EED1DD4B2F700D5E9C2 /* Debug */,
				C4507EEE1DD4B2F700D5E9C2 /* Release */,
			);
			defaultConfigurationIsVisible = 0;
			defaultConfigurationName = Release;
		};
/* End XCConfigurationList section */
	};
	rootObject = C4507EBF1DD4B2F700D5E9C2 /* Project object */;
}
